
Microsoft Visual Studio Solution File, Format Version 11.00
# Visual Studio 2010
Project("{FAE04EC0-301F-11D3-BF4B-00C04F79EFBC}") = "school_informatiom_system", "school_informatiom_system\school_informatiom_system.csproj", "{F5C16E1A-9B87-4A97-B5EE-1F602EA75A0D}"
EndProject
Global
	GlobalSection(SolutionConfigurationPlatforms) = preSolution
		Debug|x86 = Debug|x86
		Release|x86 = Release|x86
	EndGlobalSection
	GlobalSection(ProjectConfigurationPlatforms) = postSolution
		{F5C16E1A-9B87-4A97-B5EE-1F602EA75A0D}.Debug|x86.ActiveCfg = Debug|x86
		{F5C16E1A-9B87-4A97-B5EE-1F602EA75A0D}.Debug|x86.Build.0 = Debug|x86
		{F5C16E1A-9B87-4A97-B5EE-1F602EA75A0D}.Release|x86.ActiveCfg = Release|x86
		{F5C16E1A-9B87-4A97-B5EE-1F602EA75A0D}.Release|x86.Build.0 = Release|x86
	EndGlobalSection
	GlobalSection(SolutionProperties) = preSolution
		HideSolutionNode = FALSE
	EndGlobalSection
EndGlobal
